<?xml version="1.0" encoding="utf-8"?>
<Project ToolsVersion="4.0" xmlns="http://schemas.microsoft.com/developer/msbuild/2003">
  <ItemGroup>
    <Filter Include="Source Files">
      <UniqueIdentifier>{4FC737F1-C7A5-4376-A066-2A32D752A2FF}</UniqueIdentifier>
      <Extensions>cpp;c;cc;cxx;c++;cppm;ixx;def;odl;idl;hpj;bat;asm;asmx</Extensions>
    </Filter>
    <Filter Include="Header Files">
      <UniqueIdentifier>{93995380-89BD-4b04-88EB-625FBE52EBFB}</UniqueIdentifier>
      <Extensions>h;hh;hpp;hxx;h++;hm;inl;inc;ipp;xsd</Extensions>
    </Filter>
    <Filter Include="Resource Files">
      <UniqueIdentifier>{67DA6AB6-F800-4c08-8B7A-83BB121AAD01}</UniqueIdentifier>
      <Extensions>rc;ico;cur;bmp;dlg;rc2;rct;bin;rgs;gif;jpg;jpeg;jpe;resx;tiff;tif;png;wav;mfcribbon-ms</Extensions>
    </Filter>
  </ItemGroup>
  <ItemGroup>
    <ClCompile Include="..\src\aliases.c">
      <Filter>Source Files</Filter>
    </ClCompile>
    <ClCompile Include="..\src\base64.c">
      <Filter>Source Files</Filter>
    </ClCompile>
    <ClCompile Include="..\src\conf.c">
      <Filter>Source Files</Filter>
    </ClCompile>
    <ClCompile Include="..\src\eval.c">
      <Filter>Source Files</Filter>
    </ClCompile>
    <ClCompile Include="..\src\list.c">
      <Filter>Source Files</Filter>
    </ClCompile>
    <ClCompile Include="..\src\md5-apps.c">
      <Filter>Source Files</Filter>
    </ClCompile>
    <ClCompile Include="..\src\md5.c">
      <Filter>Source Files</Filter>
    </ClCompile>
    <ClCompile Include="..\src\msgid.c">
      <Filter>Source Files</Filter>
    </ClCompile>
    <ClCompile Include="..\src\msmtp.c">
      <Filter>Source Files</Filter>
    </ClCompile>
    <ClCompile Include="..\src\mtls-openssl.c">
      <Filter>Source Files</Filter>
    </ClCompile>
    <ClCompile Include="..\src\mtls.c">
      <Filter>Source Files</Filter>
    </ClCompile>
    <ClCompile Include="..\src\net.c">
      <Filter>Source Files</Filter>
    </ClCompile>
    <ClCompile Include="..\src\netrc.c">
      <Filter>Source Files</Filter>
    </ClCompile>
    <ClCompile Include="..\src\password.c">
      <Filter>Source Files</Filter>
    </ClCompile>
    <ClCompile Include="..\src\readbuf.c">
      <Filter>Source Files</Filter>
    </ClCompile>
    <ClCompile Include="..\src\smtp.c">
      <Filter>Source Files</Filter>
    </ClCompile>
    <ClCompile Include="..\src\stream.c">
      <Filter>Source Files</Filter>
    </ClCompile>
    <ClCompile Include="..\src\tools.c">
      <Filter>Source Files</Filter>
    </ClCompile>
    <ClCompile Include="..\src\xalloc.c">
      <Filter>Source Files</Filter>
    </ClCompile>
  </ItemGroup>
  <ItemGroup>
    <ClInclude Include="strings.h">
      <Filter>Header Files</Filter>
    </ClInclude>
    <ClInclude Include="sys\time.h">
      <Filter>Header Files</Filter>
    </ClInclude>
    <ClInclude Include="..\src\aliases.h">
      <Filter>Header Files</Filter>
    </ClInclude>
    <ClInclude Include="..\src\base64.h">
      <Filter>Header Files</Filter>
    </ClInclude>
    <ClInclude Include="..\src\conf.h">
      <Filter>Header Files</Filter>
    </ClInclude>
    <ClInclude Include="..\src\eval.h">
      <Filter>Header Files</Filter>
    </ClInclude>
    <ClInclude Include="..\src\gettext.h">
      <Filter>Header Files</Filter>
    </ClInclude>
    <ClInclude Include="..\src\list.h">
      <Filter>Header Files</Filter>
    </ClInclude>
    <ClInclude Include="..\src\md5-apps.h">
      <Filter>Header Files</Filter>
    </ClInclude>
    <ClInclude Include="..\src\md5.h">
      <Filter>Header Files</Filter>
    </ClInclude>
    <ClInclude Include="..\src\msgid.h">
      <Filter>Header Files</Filter>
    </ClInclude>
    <ClInclude Include="config.h">
      <Filter>Header Files</Filter>
    </ClInclude>
    <ClInclude Include="pthread_unistd.h">
      <Filter>Header Files</Filter>
    </ClInclude>
    <ClInclude Include="unistd.h">
      <Filter>Header Files</Filter>
    </ClInclude>
    <ClInclude Include="..\src\net.h">
      <Filter>Header Files</Filter>
    </ClInclude>
    <ClInclude Include="..\src\netrc.h">
      <Filter>Header Files</Filter>
    </ClInclude>
    <ClInclude Include="..\src\password.h">
      <Filter>Header Files</Filter>
    </ClInclude>
    <ClInclude Include="..\src\readbuf.h">
      <Filter>Header Files</Filter>
    </ClInclude>
    <ClInclude Include="..\src\smtp.h">
      <Filter>Header Files</Filter>
    </ClInclude>
    <ClInclude Include="..\src\stream.h">
      <Filter>Header Files</Filter>
    </ClInclude>
    <ClInclude Include="..\src\strings.h">
      <Filter>Header Files</Filter>
    </ClInclude>
    <ClInclude Include="..\src\tools.h">
      <Filter>Header Files</Filter>
    </ClInclude>
    <ClInclude Include="..\src\xalloc.h">
      <Filter>Header Files</Filter>
    </ClInclude>
  </ItemGroup>
</Project>